version = 1
revision = 3
requires-python = ">=3.12.13"

[[package]]
name = "coverage"
version = "6.5.0"
source = { registry = "https://pypi.org/simple" }
sdist = { url = "https://files.pythonhosted.org/packages/5c/66/38d1870cb7cf62da49add1d6803fdbcdef632b2808b5c80bcac35b7634d8/coverage-6.5.0.tar.gz", hash = "sha256:f642e90754ee3e06b0e7e51bce3379590e76b7f76b708e1a71ff043f87025c84", size = 775224, upload-time = "2022-09-29T20:05:58.509Z" }

[[package]]
name = "irr"
version = "0.1.0"
source = { virtual = "." }
dependencies = [
    { name = "irrcac" },
    { name = "pandas" },
]

[package.dev-dependencies]
dev = [
    { name = "ruff" },
]

[package.metadata]
requires-dist = [
    { name = "irrcac", specifier = ">=0.4.4" },
    { name = "pandas", specifier = ">=2.3.3" },
]

[package.metadata.requires-dev]
dev = [{ name = "ruff", specifier = ">=0.15.15" }]

[[package]]
name = "irrcac"
version = "0.4.4"
source = { registry = "https://pypi.org/simple" }
dependencies = [
    { name = "coverage" },
    { name = "pandas" },
    { name = "scipy" },
]
sdist = { url = "https://files.pythonhosted.org/packages/cf/03/98154fe1cdb333b6aefa878fb1e078ae41807ebde8f19b1e50c47905ee16/irrcac-0.4.4.tar.gz", hash = "sha256:153fc4c5dc6b5c47a44a8ad3f025cc495bc15fc2c2ba50754a6cc48724a10ed6", size = 18581, upload-time = "2024-11-05T13:08:20.971Z" }
wheels = [
    { url = "https://files.pythonhosted.org/packages/d9/92/38f94f143cc687d615d5a211f9fc40233d59be89ad7b3dbb61ead5acdef7/irrcac-0.4.4-py3-none-any.whl", hash = "sha256:abce6bc8a9b8edb58e78d21326477deceb6792615d1660972ece17701344173f", size = 21207, upload-time = "2024-11-05T13:08:19.184Z" },
]

[[package]]
name = "numpy"
version = "1.26.4"
source = { registry = "https://pypi.org/simple" }
sdist = { url = "https://files.pythonhosted.org/packages/65/6e/09db70a523a96d25e115e71cc56a6f9031e7b8cd166c1ac8438307c14058/numpy-1.26.4.tar.gz", hash = "sha256:2a02aba9ed12e4ac4eb3ea9421c420301a0c6460d9830d74a9df87efa4912010", size = 15786129, upload-time = "2024-02-06T00:26:44.495Z" }
wheels = [
    { url = "https://files.pythonhosted.org/packages/95/12/8f2020a8e8b8383ac0177dc9570aad031a3beb12e38847f7129bacd96228/numpy-1.26.4-cp312-cp312-macosx_10_9_x86_64.whl", hash = "sha256:b3ce300f3644fb06443ee2222c2201dd3a89ea6040541412b8fa189341847218", size = 20335901, upload-time = "2024-02-05T23:55:32.801Z" },
    { url = "https://files.pythonhosted.org/packages/75/5b/ca6c8bd14007e5ca171c7c03102d17b4f4e0ceb53957e8c44343a9546dcc/numpy-1.26.4-cp312-cp312-macosx_11_0_arm64.whl", hash = "sha256:03a8c78d01d9781b28a6989f6fa1bb2c4f2d51201cf99d3dd875df6fbd96b23b", size = 13685868, upload-time = "2024-02-05T23:55:56.28Z" },
    { url = "https://files.pythonhosted.org/packages/79/f8/97f10e6755e2a7d027ca783f63044d5b1bc1ae7acb12afe6a9b4286eac17/numpy-1.26.4-cp312-cp312-manylinux_2_17_aarch64.manylinux2014_aarch64.whl", hash = "sha256:9fad7dcb1aac3c7f0584a5a8133e3a43eeb2fe127f47e3632d43d677c66c102b", size = 13925109, upload-time = "2024-02-05T23:56:20.368Z" },
    { url = "https://files.pythonhosted.org/packages/0f/50/de23fde84e45f5c4fda2488c759b69990fd4512387a8632860f3ac9cd225/numpy-1.26.4-cp312-cp312-manylinux_2_17_x86_64.manylinux2014_x86_64.whl", hash = "sha256:675d61ffbfa78604709862923189bad94014bef562cc35cf61d3a07bba02a7ed", size = 17950613, upload-time = "2024-02-05T23:56:56.054Z" },
    { url = "https://files.pythonhosted.org/packages/4c/0c/9c603826b6465e82591e05ca230dfc13376da512b25ccd0894709b054ed0/numpy-1.26.4-cp312-cp312-musllinux_1_1_aarch64.whl", hash = "sha256:ab47dbe5cc8210f55aa58e4805fe224dac469cde56b9f731a4c098b91917159a", size = 13572172, upload-time = "2024-02-05T23:57:21.56Z" },
    { url = "https://files.pythonhosted.org/packages/76/8c/2ba3902e1a0fc1c74962ea9bb33a534bb05984ad7ff9515bf8d07527cadd/numpy-1.26.4-cp312-cp312-musllinux_1_1_x86_64.whl", hash = "sha256:1dda2e7b4ec9dd512f84935c5f126c8bd8b9f2fc001e9f54af255e8c5f16b0e0", size = 17786643, upload-time = "2024-02-05T23:57:56.585Z" },
    { url = "https://files.pythonhosted.org/packages/28/4a/46d9e65106879492374999e76eb85f87b15328e06bd1550668f79f7b18c6/numpy-1.26.4-cp312-cp312-win32.whl", hash = "sha256:50193e430acfc1346175fcbdaa28ffec49947a06918b7b92130744e81e640110", size = 5677803, upload-time = "2024-02-05T23:58:08.963Z" },
    { url = "https://files.pythonhosted.org/packages/16/2e/86f24451c2d530c88daf997cb8d6ac622c1d40d19f5a031ed68a4b73a374/numpy-1.26.4-cp312-cp312-win_amd64.whl", hash = "sha256:08beddf13648eb95f8d867350f6a018a4be2e5ad54c8d8caed89ebca558b2818", size = 15517754, upload-time = "2024-02-05T23:58:36.364Z" },
]

[[package]]
name = "pandas"
version = "2.3.3"
source = { registry = "https://pypi.org/simple" }
dependencies = [
    { name = "numpy" },
    { name = "python-dateutil" },
    { name = "pytz" },
    { name = "tzdata" },
]
sdist = { url = "https://files.pythonhosted.org/packages/33/01/d40b85317f86cf08d853a4f495195c73815fdf205eef3993821720274518/pandas-2.3.3.tar.gz", hash = "sha256:e05e1af93b977f7eafa636d043f9f94c7ee3ac81af99c13508215942e64c993b", size = 4495223, upload-time = "2025-09-29T23:34:51.853Z" }
wheels = [
    { url = "https://files.pythonhosted.org/packages/9c/fb/231d89e8637c808b997d172b18e9d4a4bc7bf31296196c260526055d1ea0/pandas-2.3.3-cp312-cp312-macosx_10_13_x86_64.whl", hash = "sha256:6d21f6d74eb1725c2efaa71a2bfc661a0689579b58e9c0ca58a739ff0b002b53", size = 11597846, upload-time = "2025-09-29T23:19:48.856Z" },
    { url = "https://files.pythonhosted.org/packages/5c/bd/bf8064d9cfa214294356c2d6702b716d3cf3bb24be59287a6a21e24cae6b/pandas-2.3.3-cp312-cp312-macosx_11_0_arm64.whl", hash = "sha256:3fd2f887589c7aa868e02632612ba39acb0b8948faf5cc58f0850e165bd46f35", size = 10729618, upload-time = "2025-09-29T23:39:08.659Z" },
    { url = "https://files.pythonhosted.org/packages/57/56/cf2dbe1a3f5271370669475ead12ce77c61726ffd19a35546e31aa8edf4e/pandas-2.3.3-cp312-cp312-manylinux_2_24_aarch64.manylinux_2_28_aarch64.whl", hash = "sha256:ecaf1e12bdc03c86ad4a7ea848d66c685cb6851d807a26aa245ca3d2017a1908", size = 11737212, upload-time = "2025-09-29T23:19:59.765Z" },
    { url = "https://files.pythonhosted.org/packages/e5/63/cd7d615331b328e287d8233ba9fdf191a9c2d11b6af0c7a59cfcec23de68/pandas-2.3.3-cp312-cp312-manylinux_2_24_x86_64.manylinux_2_28_x86_64.whl", hash = "sha256:b3d11d2fda7eb164ef27ffc14b4fcab16a80e1ce67e9f57e19ec0afaf715ba89", size = 12362693, upload-time = "2025-09-29T23:20:14.098Z" },
    { url = "https://files.pythonhosted.org/packages/a6/de/8b1895b107277d52f2b42d3a6806e69cfef0d5cf1d0ba343470b9d8e0a04/pandas-2.3.3-cp312-cp312-musllinux_1_2_aarch64.whl", hash = "sha256:a68e15f780eddf2b07d242e17a04aa187a7ee12b40b930bfdd78070556550e98", size = 12771002, upload-time = "2025-09-29T23:20:26.76Z" },
    { url = "https://files.pythonhosted.org/packages/87/21/84072af3187a677c5893b170ba2c8fbe450a6ff911234916da889b698220/pandas-2.3.3-cp312-cp312-musllinux_1_2_x86_64.whl", hash = "sha256:371a4ab48e950033bcf52b6527eccb564f52dc826c02afd9a1bc0ab731bba084", size = 13450971, upload-time = "2025-09-29T23:20:41.344Z" },
    { url = "https://files.pythonhosted.org/packages/86/41/585a168330ff063014880a80d744219dbf1dd7a1c706e75ab3425a987384/pandas-2.3.3-cp312-cp312-win_amd64.whl", hash = "sha256:a16dcec078a01eeef8ee61bf64074b4e524a2a3f4b3be9326420cabe59c4778b", size = 10992722, upload-time = "2025-09-29T23:20:54.139Z" },
    { url = "https://files.pythonhosted.org/packages/cd/4b/18b035ee18f97c1040d94debd8f2e737000ad70ccc8f5513f4eefad75f4b/pandas-2.3.3-cp313-cp313-macosx_10_13_x86_64.whl", hash = "sha256:56851a737e3470de7fa88e6131f41281ed440d29a9268dcbf0002da5ac366713", size = 11544671, upload-time = "2025-09-29T23:21:05.024Z" },
    { url = "https://files.pythonhosted.org/packages/31/94/72fac03573102779920099bcac1c3b05975c2cb5f01eac609faf34bed1ca/pandas-2.3.3-cp313-cp313-macosx_11_0_arm64.whl", hash = "sha256:bdcd9d1167f4885211e401b3036c0c8d9e274eee67ea8d0758a256d60704cfe8", size = 10680807, upload-time = "2025-09-29T23:21:15.979Z" },
    { url = "https://files.pythonhosted.org/packages/16/87/9472cf4a487d848476865321de18cc8c920b8cab98453ab79dbbc98db63a/pandas-2.3.3-cp313-cp313-manylinux_2_24_aarch64.manylinux_2_28_aarch64.whl", hash = "sha256:e32e7cc9af0f1cc15548288a51a3b681cc2a219faa838e995f7dc53dbab1062d", size = 11709872, upload-time = "2025-09-29T23:21:27.165Z" },
    { url = "https://files.pythonhosted.org/packages/15/07/284f757f63f8a8d69ed4472bfd85122bd086e637bf4ed09de572d575a693/pandas-2.3.3-cp313-cp313-manylinux_2_24_x86_64.manylinux_2_28_x86_64.whl", hash = "sha256:318d77e0e42a628c04dc56bcef4b40de67918f7041c2b061af1da41dcff670ac", size = 12306371, upload-time = "2025-09-29T23:21:40.532Z" },
    { url = "https://files.pythonhosted.org/packages/33/81/a3afc88fca4aa925804a27d2676d22dcd2031c2ebe08aabd0ae55b9ff282/pandas-2.3.3-cp313-cp313-musllinux_1_2_aarch64.whl", hash = "sha256:4e0a175408804d566144e170d0476b15d78458795bb18f1304fb94160cabf40c", size = 12765333, upload-time = "2025-09-29T23:21:55.77Z" },
    { url = "https://files.pythonhosted.org/packages/8d/0f/b4d4ae743a83742f1153464cf1a8ecfafc3ac59722a0b5c8602310cb7158/pandas-2.3.3-cp313-cp313-musllinux_1_2_x86_64.whl", hash = "sha256:93c2d9ab0fc11822b5eece72ec9587e172f63cff87c00b062f6e37448ced4493", size = 13418120, upload-time = "2025-09-29T23:22:10.109Z" },
    { url = "https://files.pythonhosted.org/packages/4f/c7/e54682c96a895d0c808453269e0b5928a07a127a15704fedb643e9b0a4c8/pandas-2.3.3-cp313-cp313-win_amd64.whl", hash = "sha256:f8bfc0e12dc78f777f323f55c58649591b2cd0c43534e8355c51d3fede5f4dee", size = 10993991, upload-time = "2025-09-29T23:25:04.889Z" },
    { url = "https://files.pythonhosted.org/packages/f9/ca/3f8d4f49740799189e1395812f3bf23b5e8fc7c190827d55a610da72ce55/pandas-2.3.3-cp313-cp313t-macosx_10_13_x86_64.whl", hash = "sha256:75ea25f9529fdec2d2e93a42c523962261e567d250b0013b16210e1d40d7c2e5", size = 12048227, upload-time = "2025-09-29T23:22:24.343Z" },
    { url = "https://files.pythonhosted.org/packages/0e/5a/f43efec3e8c0cc92c4663ccad372dbdff72b60bdb56b2749f04aa1d07d7e/pandas-2.3.3-cp313-cp313t-macosx_11_0_arm64.whl", hash = "sha256:74ecdf1d301e812db96a465a525952f4dde225fdb6d8e5a521d47e1f42041e21", size = 11411056, upload-time = "2025-09-29T23:22:37.762Z" },
    { url = "https://files.pythonhosted.org/packages/46/b1/85331edfc591208c9d1a63a06baa67b21d332e63b7a591a5ba42a10bb507/pandas-2.3.3-cp313-cp313t-manylinux_2_24_aarch64.manylinux_2_28_aarch64.whl", hash = "sha256:6435cb949cb34ec11cc9860246ccb2fdc9ecd742c12d3304989017d53f039a78", size = 11645189, upload-time = "2025-09-29T23:22:51.688Z" },
    { url = "https://files.pythonhosted.org/packages/44/23/78d645adc35d94d1ac4f2a3c4112ab6f5b8999f4898b8cdf01252f8df4a9/pandas-2.3.3-cp313-cp313t-manylinux_2_24_x86_64.manylinux_2_28_x86_64.whl", hash = "sha256:900f47d8f20860de523a1ac881c4c36d65efcb2eb850e6948140fa781736e110", size = 12121912, upload-time = "2025-09-29T23:23:05.042Z" },
    { url = "https://files.pythonhosted.org/packages/53/da/d10013df5e6aaef6b425aa0c32e1fc1f3e431e4bcabd420517dceadce354/pandas-2.3.3-cp313-cp313t-musllinux_1_2_aarch64.whl", hash = "sha256:a45c765238e2ed7d7c608fc5bc4a6f88b642f2f01e70c0c23d2224dd21829d86", size = 12712160, upload-time = "2025-09-29T23:23:28.57Z" },
    { url = "https://files.pythonhosted.org/packages/bd/17/e756653095a083d8a37cbd816cb87148debcfcd920129b25f99dd8d04271/pandas-2.3.3-cp313-cp313t-musllinux_1_2_x86_64.whl", hash = "sha256:c4fc4c21971a1a9f4bdb4c73978c7f7256caa3e62b323f70d6cb80db583350bc", size = 13199233, upload-time = "2025-09-29T23:24:24.876Z" },
    { url = "https://files.pythonhosted.org/packages/04/fd/74903979833db8390b73b3a8a7d30d146d710bd32703724dd9083950386f/pandas-2.3.3-cp314-cp314-macosx_10_13_x86_64.whl", hash = "sha256:ee15f284898e7b246df8087fc82b87b01686f98ee67d85a17b7ab44143a3a9a0", size = 11540635, upload-time = "2025-09-29T23:25:52.486Z" },
    { url = "https://files.pythonhosted.org/packages/21/00/266d6b357ad5e6d3ad55093a7e8efc7dd245f5a842b584db9f30b0f0a287/pandas-2.3.3-cp314-cp314-macosx_11_0_arm64.whl", hash = "sha256:1611aedd912e1ff81ff41c745822980c49ce4a7907537be8692c8dbc31924593", size = 10759079, upload-time = "2025-09-29T23:26:33.204Z" },
    { url = "https://files.pythonhosted.org/packages/ca/05/d01ef80a7a3a12b2f8bbf16daba1e17c98a2f039cbc8e2f77a2c5a63d382/pandas-2.3.3-cp314-cp314-manylinux_2_24_aarch64.manylinux_2_28_aarch64.whl", hash = "sha256:6d2cefc361461662ac48810cb14365a365ce864afe85ef1f447ff5a1e99ea81c", size = 11814049, upload-time = "2025-09-29T23:27:15.384Z" },
    { url = "https://files.pythonhosted.org/packages/15/b2/0e62f78c0c5ba7e3d2c5945a82456f4fac76c480940f805e0b97fcbc2f65/pandas-2.3.3-cp314-cp314-manylinux_2_24_x86_64.manylinux_2_28_x86_64.whl", hash = "sha256:ee67acbbf05014ea6c763beb097e03cd629961c8a632075eeb34247120abcb4b", size = 12332638, upload-time = "2025-09-29T23:27:51.625Z" },
    { url = "https://files.pythonhosted.org/packages/c5/33/dd70400631b62b9b29c3c93d2feee1d0964dc2bae2e5ad7a6c73a7f25325/pandas-2.3.3-cp314-cp314-musllinux_1_2_aarch64.whl", hash = "sha256:c46467899aaa4da076d5abc11084634e2d197e9460643dd455ac3db5856b24d6", size = 12886834, upload-time = "2025-09-29T23:28:21.289Z" },
    { url = "https://files.pythonhosted.org/packages/d3/18/b5d48f55821228d0d2692b34fd5034bb185e854bdb592e9c640f6290e012/pandas-2.3.3-cp314-cp314-musllinux_1_2_x86_64.whl", hash = "sha256:6253c72c6a1d990a410bc7de641d34053364ef8bcd3126f7e7450125887dffe3", size = 13409925, upload-time = "2025-09-29T23:28:58.261Z" },
    { url = "https://files.pythonhosted.org/packages/a6/3d/124ac75fcd0ecc09b8fdccb0246ef65e35b012030defb0e0eba2cbbbe948/pandas-2.3.3-cp314-cp314-win_amd64.whl", hash = "sha256:1b07204a219b3b7350abaae088f451860223a52cfb8a6c53358e7948735158e5", size = 11109071, upload-time = "2025-09-29T23:32:27.484Z" },
    { url = "https://files.pythonhosted.org/packages/89/9c/0e21c895c38a157e0faa1fb64587a9226d6dd46452cac4532d80c3c4a244/pandas-2.3.3-cp314-cp314t-macosx_10_13_x86_64.whl", hash = "sha256:2462b1a365b6109d275250baaae7b760fd25c726aaca0054649286bcfbb3e8ec", size = 12048504, upload-time = "2025-09-29T23:29:31.47Z" },
    { url = "https://files.pythonhosted.org/packages/d7/82/b69a1c95df796858777b68fbe6a81d37443a33319761d7c652ce77797475/pandas-2.3.3-cp314-cp314t-macosx_11_0_arm64.whl", hash = "sha256:0242fe9a49aa8b4d78a4fa03acb397a58833ef6199e9aa40a95f027bb3a1b6e7", size = 11410702, upload-time = "2025-09-29T23:29:54.591Z" },
    { url = "https://files.pythonhosted.org/packages/f9/88/702bde3ba0a94b8c73a0181e05144b10f13f29ebfc2150c3a79062a8195d/pandas-2.3.3-cp314-cp314t-manylinux_2_24_aarch64.manylinux_2_28_aarch64.whl", hash = "sha256:a21d830e78df0a515db2b3d2f5570610f5e6bd2e27749770e8bb7b524b89b450", size = 11634535, upload-time = "2025-09-29T23:30:21.003Z" },
    { url = "https://files.pythonhosted.org/packages/a4/1e/1bac1a839d12e6a82ec6cb40cda2edde64a2013a66963293696bbf31fbbb/pandas-2.3.3-cp314-cp314t-manylinux_2_24_x86_64.manylinux_2_28_x86_64.whl", hash = "sha256:2e3ebdb170b5ef78f19bfb71b0dc5dc58775032361fa188e814959b74d726dd5", size = 12121582, upload-time = "2025-09-29T23:30:43.391Z" },
    { url = "https://files.pythonhosted.org/packages/44/91/483de934193e12a3b1d6ae7c8645d083ff88dec75f46e827562f1e4b4da6/pandas-2.3.3-cp314-cp314t-musllinux_1_2_aarch64.whl", hash = "sha256:d051c0e065b94b7a3cea50eb1ec32e912cd96dba41647eb24104b6c6c14c5788", size = 12699963, upload-time = "2025-09-29T23:31:10.009Z" },
    { url = "https://files.pythonhosted.org/packages/70/44/5191d2e4026f86a2a109053e194d3ba7a31a2d10a9c2348368c63ed4e85a/pandas-2.3.3-cp314-cp314t-musllinux_1_2_x86_64.whl", hash = "sha256:3869faf4bd07b3b66a9f462417d0ca3a9df29a9f6abd5d0d0dbab15dac7abe87", size = 13202175, upload-time = "2025-09-29T23:31:59.173Z" },
]

[[package]]
name = "python-dateutil"
version = "2.9.0.post0"
source = { registry = "https://pypi.org/simple" }
dependencies = [
    { name = "six" },
]
sdist = { url = "https://files.pythonhosted.org/packages/66/c0/0c8b6ad9f17a802ee498c46e004a0eb49bc148f2fd230864601a86dcf6db/python-dateutil-2.9.0.post0.tar.gz", hash = "sha256:37dd54208da7e1cd875388217d5e00ebd4179249f90fb72437e91a35459a0ad3", size = 342432, upload-time = "2024-03-01T18:36:20.211Z" }
wheels = [
    { url = "https://files.pythonhosted.org/packages/ec/57/56b9bcc3c9c6a792fcbaf139543cee77261f3651ca9da0c93f5c1221264b/python_dateutil-2.9.0.post0-py2.py3-none-any.whl", hash = "sha256:a8b2bc7bffae282281c8140a97d3aa9c14da0b136dfe83f850eea9a5f7470427", size = 229892, upload-time = "2024-03-01T18:36:18.57Z" },
]

[[package]]
name = "pytz"
version = "2026.2"
source = { registry = "https://pypi.org/simple" }
sdist = { url = "https://files.pythonhosted.org/packages/ff/46/dd499ec9038423421951e4fad73051febaa13d2df82b4064f87af8b8c0c3/pytz-2026.2.tar.gz", hash = "sha256:0e60b47b29f21574376f218fe21abc009894a2321ea16c6754f3cad6eb7cdd6a", size = 320861, upload-time = "2026-05-04T01:35:29.667Z" }
wheels = [
    { url = "https://files.pythonhosted.org/packages/ec/dd/96da98f892250475bdf2328112d7468abdd4acc7b902b6af23f4ed958ea0/pytz-2026.2-py2.py3-none-any.whl", hash = "sha256:04156e608bee23d3792fd45c94ae47fae1036688e75032eea2e3bf0323d1f126", size = 510141, upload-time = "2026-05-04T01:35:27.408Z" },
]

[[package]]
name = "ruff"
version = "0.15.15"
source = { registry = "https://pypi.org/simple" }
sdist = { url = "https://files.pythonhosted.org/packages/84/6f/a76f7d96e5c962f5b69cee865e49c15c1116897c01990faa8a57edb62e7f/ruff-0.15.15.tar.gz", hash = "sha256:b8dff018130b46d8e5bf0f926ef6b60cf871d6d5ae45fc9334e09632daa741d6", size = 4706985, upload-time = "2026-05-28T14:16:57.784Z" }
wheels = [
    { url = "https://files.pythonhosted.org/packages/fa/9d/3a45c05b8ab04b4705989de70a79008e27c8003296a0feaee9edc18dd7e9/ruff-0.15.15-py3-none-linux_armv6l.whl", hash = "sha256:cf93e5388f412e1b108b1f8b34a6e036b70fe8aff89393befad96fe48670311b", size = 10710652, upload-time = "2026-05-28T14:16:06.701Z" },
    { url = "https://files.pythonhosted.org/packages/05/66/da974431624bf3b49f6ee1f9543c02d929ff1cba78b0d5a79c38cf21f744/ruff-0.15.15-py3-none-macosx_10_12_x86_64.whl", hash = "sha256:ac5a646d1f6a7dadd5d50842dae2c1f9862ac887ef5d1b1375e02def791fde6e", size = 11096615, upload-time = "2026-05-28T14:16:23.313Z" },
    { url = "https://files.pythonhosted.org/packages/8c/09/7443452e5d290230a712103f2fdceeef7184f3ec99a2bd01c8be78aaceb5/ruff-0.15.15-py3-none-macosx_11_0_arm64.whl", hash = "sha256:77d955a431430c66f72dd94e379ad38a16daea3d25094872ac4edf9e797be530", size = 10436683, upload-time = "2026-05-28T14:16:40.974Z" },
    { url = "https://files.pythonhosted.org/packages/53/01/d330c26a57fa4f3943a14424904027428315b700fe4d14a84bb123a649e5/ruff-0.15.15-py3-none-manylinux_2_17_aarch64.manylinux2014_aarch64.whl", hash = "sha256:7614ee79c69788cf6cedd568069ade9cecc22a1ad20494efe8d0c9ebb4b622d4", size = 10769064, upload-time = "2026-05-28T14:16:28.905Z" },
    { url = "https://files.pythonhosted.org/packages/1d/85/cc8770f8bdff541b1da8392d1634141fe4a0e3f4ee596605959b7906c27f/ruff-0.15.15-py3-none-manylinux_2_17_armv7l.manylinux2014_armv7l.whl", hash = "sha256:3cdb1679e06a1f6b47bc384714ae96f6e2fb65ca441eb78c43d2ca554176ce1f", size = 10511987, upload-time = "2026-05-28T14:16:43.732Z" },
    { url = "https://files.pythonhosted.org/packages/7c/29/8c190c1472b63013583ba391f3342036e02010544c1270455ed8e519bdf3/ruff-0.15.15-py3-none-manylinux_2_17_i686.manylinux2014_i686.whl", hash = "sha256:2728b93d7b23a603ea2c0ac6eb73d760bd38ec9de35f35fb41e18f7a3fee7622", size = 11275100, upload-time = "2026-05-28T14:16:55.244Z" },
    { url = "https://files.pythonhosted.org/packages/9f/6b/7e145ce2cc8e63d6834eca03d83a0e18d121def5c69f91b4cf4011ed4879/ruff-0.15.15-py3-none-manylinux_2_17_ppc64le.manylinux2014_ppc64le.whl", hash = "sha256:be582fcc0db438902c7792b08d6ddf6c9b9e21addaa10092c2c741cfb09e5a45", size = 12176903, upload-time = "2026-05-28T14:16:14.368Z" },
    { url = "https://files.pythonhosted.org/packages/80/a3/d5974637f68e451f7fadf015cf3101d1cd7d8ba5027cffe0b9e3826ebe6b/ruff-0.15.15-py3-none-manylinux_2_17_s390x.manylinux2014_s390x.whl", hash = "sha256:7aa77465b8ecaf1a27bea098d696f7fed5e1eccbd10b321b682d6de586ae5627", size = 11404550, upload-time = "2026-05-28T14:16:20.138Z" },
    { url = "https://files.pythonhosted.org/packages/fe/1c/e6e5e568f22be4fb05d6244234aba384c06b451252453b821e1a529263cf/ruff-0.15.15-py3-none-manylinux_2_17_x86_64.manylinux2014_x86_64.whl", hash = "sha256:48decfa11d740de4889de623be1463308346312f2409a56e24aa280c86162dc4", size = 11382027, upload-time = "2026-05-28T14:16:46.615Z" },
    { url = "https://files.pythonhosted.org/packages/1d/01/170921b49fcd2e8858825593f91cf7146c3e40a5c3e6df763e4bb0484dde/ruff-0.15.15-py3-none-manylinux_2_31_riscv64.whl", hash = "sha256:a5015088452ca0081387063649ec67f06d3d1d6b8b936a1f836b5e9657ecd48c", size = 11366041, upload-time = "2026-05-28T14:16:26.247Z" },
    { url = "https://files.pythonhosted.org/packages/87/54/a7bad711d7de93254e15e06a4c375b89a03d18de45d3e5dcc86a4472fb1a/ruff-0.15.15-py3-none-musllinux_1_2_aarch64.whl", hash = "sha256:f5294aab6356c81600fcdea3a62bb1b924dfd5e91767c12318d3f68f86af57cd", size = 10741795, upload-time = "2026-05-28T14:16:17.11Z" },
    { url = "https://files.pythonhosted.org/packages/c9/31/38c075963668f8b41c6914ee0f6f318727fbe30ab9145cb29e6df464c5fa/ruff-0.15.15-py3-none-musllinux_1_2_armv7l.whl", hash = "sha256:db5bd4d802415cca656dc1616070b725952d6ae95eb5d4831e49fbd94a38f75f", size = 10511117, upload-time = "2026-05-28T14:16:31.767Z" },
    { url = "https://files.pythonhosted.org/packages/9d/96/6ff689e1f7e375d1d97075eca022f74c2bab59554a432fe4d2e6f091986a/ruff-0.15.15-py3-none-musllinux_1_2_i686.whl", hash = "sha256:587a6278ed42059191c1a466e490bd7930fb50bd2e255398bc29616c895a61cb", size = 10994867, upload-time = "2026-05-28T14:16:35.149Z" },
    { url = "https://files.pythonhosted.org/packages/c3/c2/5dce0ab9f92a8d534fa62b9bf9caca3eddb8c1a81b616f5e195ada4f0d6e/ruff-0.15.15-py3-none-musllinux_1_2_x86_64.whl", hash = "sha256:df0c1c084f5f4be9812f61518a45c440d3c30d69ce4bf6c5270e66d38338f02a", size = 11482101, upload-time = "2026-05-28T14:16:49.598Z" },
    { url = "https://files.pythonhosted.org/packages/b1/c0/1003b60edd697c649faf61f1a34094b1abb38fb3d1181e3f895781250a08/ruff-0.15.15-py3-none-win32.whl", hash = "sha256:29428ea79694afbe756d45fd59b36f22b6b020dc0443cf7de0173046236964b9", size = 10716774, upload-time = "2026-05-28T14:16:52.337Z" },
    { url = "https://files.pythonhosted.org/packages/02/a8/1269eddd6945a06c23f055ef7848886e37cf9d6a8bebb386a3115f01470c/ruff-0.15.15-py3-none-win_amd64.whl", hash = "sha256:8df0323902e15e24bc4bf246da830573d3cf3352bd0b9a164eab335d111ff4a4", size = 11868463, upload-time = "2026-05-28T14:16:11.333Z" },
    { url = "https://files.pythonhosted.org/packages/4e/b2/920464c907b191e37469d477a1aa8bc048b8f36c4c1610dfa4ab87b39e18/ruff-0.15.15-py3-none-win_arm64.whl", hash = "sha256:3c8ceca6792f38196b8f589bc92eccd03eef286602da92e5dc05cc42ef6441b7", size = 11138498, upload-time = "2026-05-28T14:16:38.425Z" },
]

[[package]]
name = "scipy"
version = "1.12.0"
source = { registry = "https://pypi.org/simple" }
dependencies = [
    { name = "numpy" },
]
sdist = { url = "https://files.pythonhosted.org/packages/30/85/cdbf2c3c460fe5aae812917866392068a88d02f07de0fe31ce738734c477/scipy-1.12.0.tar.gz", hash = "sha256:4bf5abab8a36d20193c698b0f1fc282c1d083c94723902c447e5d2f1780936a3", size = 56811768, upload-time = "2024-01-20T21:13:43.442Z" }
wheels = [
    { url = "https://files.pythonhosted.org/packages/0d/4a/b2b2cae0c5dfd46361245a67102886ed7188805bdf7044e36fe838bbcf26/scipy-1.12.0-cp312-cp312-macosx_10_9_x86_64.whl", hash = "sha256:e7e76cc48638228212c747ada851ef355c2bb5e7f939e10952bc504c11f4e372", size = 38911995, upload-time = "2024-01-20T21:11:54.759Z" },
    { url = "https://files.pythonhosted.org/packages/71/ba/744bbdd65eb3fce1412dd4633fc425ad39e6b4068b5b158aee1cd3afeb54/scipy-1.12.0-cp312-cp312-macosx_12_0_arm64.whl", hash = "sha256:f7ce148dffcd64ade37b2df9315541f9adad6efcaa86866ee7dd5db0c8f041c3", size = 31433326, upload-time = "2024-01-20T21:12:00.295Z" },
    { url = "https://files.pythonhosted.org/packages/db/fd/81feac476e1ae495b51b8c3636aee1f50a1c5ca2a3557f5b0043d4e2fb02/scipy-1.12.0-cp312-cp312-manylinux_2_17_aarch64.manylinux2014_aarch64.whl", hash = "sha256:9c39f92041f490422924dfdb782527a4abddf4707616e07b021de33467f917bc", size = 34165749, upload-time = "2024-01-20T21:12:06.38Z" },
    { url = "https://files.pythonhosted.org/packages/11/7d/850bfe9462fff393130519eb54f97d43ad9c280ec4297b4cb98b7c2e96cd/scipy-1.12.0-cp312-cp312-manylinux_2_17_x86_64.manylinux2014_x86_64.whl", hash = "sha256:a7ebda398f86e56178c2fa94cad15bf457a218a54a35c2a7b4490b9f9cb2676c", size = 37790844, upload-time = "2024-01-20T21:12:12.826Z" },
    { url = "https://files.pythonhosted.org/packages/7e/7f/504b7b3834d8c9229831c6c58a44943e29a34004eeb34c7ff150add4e001/scipy-1.12.0-cp312-cp312-musllinux_1_1_x86_64.whl", hash = "sha256:95e5c750d55cf518c398a8240571b0e0782c2d5a703250872f36eaf737751338", size = 38026369, upload-time = "2024-01-20T21:12:19.69Z" },
    { url = "https://files.pythonhosted.org/packages/f3/31/91a2a3c5eb85d2bfa86d7c98f2df5d77dcdefb3d80ca9f9037ad04393acf/scipy-1.12.0-cp312-cp312-win_amd64.whl", hash = "sha256:e646d8571804a304e1da01040d21577685ce8e2db08ac58e543eaca063453e1c", size = 45816713, upload-time = "2024-01-20T21:12:26.619Z" },
]

[[package]]
name = "six"
version = "1.17.0"
source = { registry = "https://pypi.org/simple" }
sdist = { url = "https://files.pythonhosted.org/packages/94/e7/b2c673351809dca68a0e064b6af791aa332cf192da575fd474ed7d6f16a2/six-1.17.0.tar.gz", hash = "sha256:ff70335d468e7eb6ec65b95b99d3a2836546063f63acc5171de367e834932a81", size = 34031, upload-time = "2024-12-04T17:35:28.174Z" }
wheels = [
    { url = "https://files.pythonhosted.org/packages/b7/ce/149a00dd41f10bc29e5921b496af8b574d8413afcd5e30dfa0ed46c2cc5e/six-1.17.0-py2.py3-none-any.whl", hash = "sha256:4721f391ed90541fddacab5acf947aa0d3dc7d27b2e1e8eda2be8970586c3274", size = 11050, upload-time = "2024-12-04T17:35:26.475Z" },
]

[[package]]
name = "tzdata"
version = "2026.2"
source = { registry = "https://pypi.org/simple" }
sdist = { url = "https://files.pythonhosted.org/packages/ba/19/1b9b0e29f30c6d35cb345486df41110984ea67ae69dddbc0e8a100999493/tzdata-2026.2.tar.gz", hash = "sha256:9173fde7d80d9018e02a662e168e5a2d04f87c41ea174b139fbef642eda62d10", size = 198254, upload-time = "2026-04-24T15:22:08.651Z" }
wheels = [
    { url = "https://files.pythonhosted.org/packages/ce/e4/dccd7f47c4b64213ac01ef921a1337ee6e30e8c6466046018326977efd95/tzdata-2026.2-py2.py3-none-any.whl", hash = "sha256:bbe9af844f658da81a5f95019480da3a89415801f6cc966806612cc7169bffe7", size = 349321, upload-time = "2026-04-24T15:22:05.876Z" },
]
